
Microsoft Visual Studio Solution File, Format Version 12.00
# Visual Studio 15
VisualStudioVersion = 15.0.28307.572
MinimumVisualStudioVersion = 10.0.40219.1
Project("{FAE04EC0-301F-11D3-BF4B-00C04F79EFBC}") = "My_Bulanık_Mantık", "Bulanık_Mantık\My_Bulanık_Mantık.csproj", "{8F93622A-73E9-44C0-82C2-A6E093858CFE}"
EndProject
Global
	GlobalSection(SolutionConfigurationPlatforms) = preSolution
		Debug|Any CPU = Debug|Any CPU
		Release|Any CPU = Release|Any CPU
	EndGlobalSection
	GlobalSection(ProjectConfigurationPlatforms) = postSolution
		{8F93622A-73E9-44C0-82C2-A6E093858CFE}.Debug|Any CPU.ActiveCfg = Debug|Any CPU
		{8F93622A-73E9-44C0-82C2-A6E093858CFE}.Debug|Any CPU.Build.0 = Debug|Any CPU
		{8F93622A-73E9-44C0-82C2-A6E093858CFE}.Release|Any CPU.ActiveCfg = Release|Any CPU
		{8F93622A-73E9-44C0-82C2-A6E093858CFE}.Release|Any CPU.Build.0 = Release|Any CPU
	EndGlobalSection
	GlobalSection(SolutionProperties) = preSolution
		HideSolutionNode = FALSE
	EndGlobalSection
	GlobalSection(ExtensibilityGlobals) = postSolution
		SolutionGuid = {0031016D-951C-456D-9FAD-B26EE3166F4E}
	EndGlobalSection
EndGlobal
