
Microsoft Visual Studio Solution File, Format Version 12.00
# Visual Studio 15
VisualStudioVersion = 15.0.28307.572
MinimumVisualStudioVersion = 10.0.40219.1
Project("{FAE04EC0-301F-11D3-BF4B-00C04F79EFBC}") = "8tasbulmcasi", "8tasbulmcasi\8tasbulmcasi.csproj", "{23D0ABFD-4B54-4A04-9364-83870A650B24}"
EndProject
Global
	GlobalSection(SolutionConfigurationPlatforms) = preSolution
		Debug|Any CPU = Debug|Any CPU
		Release|Any CPU = Release|Any CPU
	EndGlobalSection
	GlobalSection(ProjectConfigurationPlatforms) = postSolution
		{23D0ABFD-4B54-4A04-9364-83870A650B24}.Debug|Any CPU.ActiveCfg = Debug|Any CPU
		{23D0ABFD-4B54-4A04-9364-83870A650B24}.Debug|Any CPU.Build.0 = Debug|Any CPU
		{23D0ABFD-4B54-4A04-9364-83870A650B24}.Release|Any CPU.ActiveCfg = Release|Any CPU
		{23D0ABFD-4B54-4A04-9364-83870A650B24}.Release|Any CPU.Build.0 = Release|Any CPU
	EndGlobalSection
	GlobalSection(SolutionProperties) = preSolution
		HideSolutionNode = FALSE
	EndGlobalSection
	GlobalSection(ExtensibilityGlobals) = postSolution
		SolutionGuid = {75472BF6-3C01-4215-ABD8-F2124B9B27CE}
	EndGlobalSection
EndGlobal
